
Microsoft Visual Studio Solution File, Format Version 12.00
# Visual Studio 15
Project("{FAE04EC0-301F-11D3-BF4B-00C04F79EFBC}") = "Assembly-CSharp", "Assembly-CSharp.csproj", "{6EFB7B82-F959-2AE0-EECE-93F2D24B585B}"
EndProject
Project("{FAE04EC0-301F-11D3-BF4B-00C04F79EFBC}") = "Assembly-CSharp-Editor", "Assembly-CSharp-Editor.csproj", "{43A608CE-459A-7B33-1505-4F6D026A5207}"
EndProject
Global
	GlobalSection(SolutionConfigurationPlatforms) = preSolution
		Debug|Any CPU = Debug|Any CPU
		Release|Any CPU = Release|Any CPU
	EndGlobalSection
	GlobalSection(ProjectConfigurationPlatforms) = postSolution
		{6EFB7B82-F959-2AE0-EECE-93F2D24B585B}.Debug|Any CPU.ActiveCfg = Debug|Any CPU
		{6EFB7B82-F959-2AE0-EECE-93F2D24B585B}.Debug|Any CPU.Build.0 = Debug|Any CPU
		{6EFB7B82-F959-2AE0-EECE-93F2D24B585B}.Release|Any CPU.ActiveCfg = Release|Any CPU
		{6EFB7B82-F959-2AE0-EECE-93F2D24B585B}.Release|Any CPU.Build.0 = Release|Any CPU
		{43A608CE-459A-7B33-1505-4F6D026A5207}.Debug|Any CPU.ActiveCfg = Debug|Any CPU
		{43A608CE-459A-7B33-1505-4F6D026A5207}.Debug|Any CPU.Build.0 = Debug|Any CPU
		{43A608CE-459A-7B33-1505-4F6D026A5207}.Release|Any CPU.ActiveCfg = Release|Any CPU
		{43A608CE-459A-7B33-1505-4F6D026A5207}.Release|Any CPU.Build.0 = Release|Any CPU
	EndGlobalSection
	GlobalSection(SolutionProperties) = preSolution
		HideSolutionNode = FALSE
	EndGlobalSection
EndGlobal
